PODS:
  - FlutterMacOS (1.0.0)
  - zcvlib (0.0.1):
    - FlutterMacOS

DEPENDENCIES:
  - FlutterMacOS (from `Flutter/ephemeral`)
  - zcvlib (from `Flutter/ephemeral/.symlinks/plugins/zcvlib/macos`)

EXTERNAL SOURCES:
  FlutterMacOS:
    :path: Flutter/ephemeral
  zcvlib:
    :path: Flutter/ephemeral/.symlinks/plugins/zcvlib/macos

SPEC CHECKSUMS:
  FlutterMacOS: d0db08ddef1a9af05a5ec4b724367152bb0500b1
  zcvlib: d5f4b5212cd0d958a63fdf549b02ab292f77ec4a

PODFILE CHECKSUM: 54d867c82ac51cbd61b565781b9fada492027009

COCOAPODS: 1.16.2
